
Microsoft Visual Studio Solution File, Format Version 12.00
# Visual Studio Version 17
VisualStudioVersion = 17.0.32112.339
MinimumVisualStudioVersion = 10.0.40219.1
Project("{8BC9CEB8-8B4A-11D0-8D11-00A0C91BC942}") = "计算机程序设计基础-实验12", "计算机程序设计基础-实验12\计算机程序设计基础-实验12.vcxproj", "{C1EFD70E-0FFB-4958-88C2-E8E471794BCB}"
EndProject
Global
	GlobalSection(SolutionConfigurationPlatforms) = preSolution
		Debug|x64 = Debug|x64
		Debug|x86 = Debug|x86
		Release|x64 = Release|x64
		Release|x86 = Release|x86
	EndGlobalSection
	GlobalSection(ProjectConfigurationPlatforms) = postSolution
		{C1EFD70E-0FFB-4958-88C2-E8E471794BCB}.Debug|x64.ActiveCfg = Debug|x64
		{C1EFD70E-0FFB-4958-88C2-E8E471794BCB}.Debug|x64.Build.0 = Debug|x64
		{C1EFD70E-0FFB-4958-88C2-E8E471794BCB}.Debug|x86.ActiveCfg = Debug|Win32
		{C1EFD70E-0FFB-4958-88C2-E8E471794BCB}.Debug|x86.Build.0 = Debug|Win32
		{C1EFD70E-0FFB-4958-88C2-E8E471794BCB}.Release|x64.ActiveCfg = Release|x64
		{C1EFD70E-0FFB-4958-88C2-E8E471794BCB}.Release|x64.Build.0 = Release|x64
		{C1EFD70E-0FFB-4958-88C2-E8E471794BCB}.Release|x86.ActiveCfg = Release|Win32
		{C1EFD70E-0FFB-4958-88C2-E8E471794BCB}.Release|x86.Build.0 = Release|Win32
	EndGlobalSection
	GlobalSection(SolutionProperties) = preSolution
		HideSolutionNode = FALSE
	EndGlobalSection
	GlobalSection(ExtensibilityGlobals) = postSolution
		SolutionGuid = {E0952A73-D563-4B43-A090-F18D31BEC367}
	EndGlobalSection
EndGlobal
